
Microsoft Visual Studio Solution File, Format Version 12.00
# Visual Studio 15
VisualStudioVersion = 15.0.26730.16
MinimumVisualStudioVersion = 10.0.40219.1
Project("{FAE04EC0-301F-11D3-BF4B-00C04F79EFBC}") = "EventTriggerToFrameworkElement", "EventTriggerToFrameworkElement\EventTriggerToFrameworkElement.csproj", "{8276D342-C941-4BA1-9DCF-0D547382CC48}"
EndProject
Global
	GlobalSection(SolutionConfigurationPlatforms) = preSolution
		Debug|Any CPU = Debug|Any CPU
		Release|Any CPU = Release|Any CPU
	EndGlobalSection
	GlobalSection(ProjectConfigurationPlatforms) = postSolution
		{8276D342-C941-4BA1-9DCF-0D547382CC48}.Debug|Any CPU.ActiveCfg = Debug|Any CPU
		{8276D342-C941-4BA1-9DCF-0D547382CC48}.Debug|Any CPU.Build.0 = Debug|Any CPU
		{8276D342-C941-4BA1-9DCF-0D547382CC48}.Release|Any CPU.ActiveCfg = Release|Any CPU
		{8276D342-C941-4BA1-9DCF-0D547382CC48}.Release|Any CPU.Build.0 = Release|Any CPU
	EndGlobalSection
	GlobalSection(SolutionProperties) = preSolution
		HideSolutionNode = FALSE
	EndGlobalSection
	GlobalSection(ExtensibilityGlobals) = postSolution
		SolutionGuid = {C035C6E7-AF5C-48AF-B594-AEC077D3F1E5}
	EndGlobalSection
EndGlobal
