
Microsoft Visual Studio Solution File, Format Version 12.00
# Visual Studio 15
VisualStudioVersion = 15.0.26730.16
MinimumVisualStudioVersion = 10.0.40219.1
Project("{FAE04EC0-301F-11D3-BF4B-00C04F79EFBC}") = "Resourcen", "Resourcen\Resourcen.csproj", "{10931E3F-20DC-43B5-B630-BB0CEBF9BFB6}"
EndProject
Project("{FAE04EC0-301F-11D3-BF4B-00C04F79EFBC}") = "CustomResources", "CustomResources\CustomResources.csproj", "{34FD5B86-3C89-4F24-9FA6-C37AAB4DE868}"
EndProject
Global
	GlobalSection(SolutionConfigurationPlatforms) = preSolution
		Debug|Any CPU = Debug|Any CPU
		Release|Any CPU = Release|Any CPU
	EndGlobalSection
	GlobalSection(ProjectConfigurationPlatforms) = postSolution
		{10931E3F-20DC-43B5-B630-BB0CEBF9BFB6}.Debug|Any CPU.ActiveCfg = Debug|Any CPU
		{10931E3F-20DC-43B5-B630-BB0CEBF9BFB6}.Debug|Any CPU.Build.0 = Debug|Any CPU
		{10931E3F-20DC-43B5-B630-BB0CEBF9BFB6}.Release|Any CPU.ActiveCfg = Release|Any CPU
		{10931E3F-20DC-43B5-B630-BB0CEBF9BFB6}.Release|Any CPU.Build.0 = Release|Any CPU
		{34FD5B86-3C89-4F24-9FA6-C37AAB4DE868}.Debug|Any CPU.ActiveCfg = Debug|Any CPU
		{34FD5B86-3C89-4F24-9FA6-C37AAB4DE868}.Debug|Any CPU.Build.0 = Debug|Any CPU
		{34FD5B86-3C89-4F24-9FA6-C37AAB4DE868}.Release|Any CPU.ActiveCfg = Release|Any CPU
		{34FD5B86-3C89-4F24-9FA6-C37AAB4DE868}.Release|Any CPU.Build.0 = Release|Any CPU
	EndGlobalSection
	GlobalSection(SolutionProperties) = preSolution
		HideSolutionNode = FALSE
	EndGlobalSection
	GlobalSection(ExtensibilityGlobals) = postSolution
		SolutionGuid = {255EA67C-00AB-4F2F-9A8E-9E16D780ECAF}
	EndGlobalSection
EndGlobal
