
Microsoft Visual Studio Solution File, Format Version 12.00
# Visual Studio 15
VisualStudioVersion = 15.0.26730.16
MinimumVisualStudioVersion = 10.0.40219.1
Project("{FAE04EC0-301F-11D3-BF4B-00C04F79EFBC}") = "MultiBindingExample", "MultiBindingExample\MultiBindingExample.csproj", "{AABCC404-8D1A-46FC-BBB9-8E3E9FEF38D6}"
EndProject
Global
	GlobalSection(SolutionConfigurationPlatforms) = preSolution
		Debug|Any CPU = Debug|Any CPU
		Release|Any CPU = Release|Any CPU
	EndGlobalSection
	GlobalSection(ProjectConfigurationPlatforms) = postSolution
		{AABCC404-8D1A-46FC-BBB9-8E3E9FEF38D6}.Debug|Any CPU.ActiveCfg = Debug|Any CPU
		{AABCC404-8D1A-46FC-BBB9-8E3E9FEF38D6}.Debug|Any CPU.Build.0 = Debug|Any CPU
		{AABCC404-8D1A-46FC-BBB9-8E3E9FEF38D6}.Release|Any CPU.ActiveCfg = Release|Any CPU
		{AABCC404-8D1A-46FC-BBB9-8E3E9FEF38D6}.Release|Any CPU.Build.0 = Release|Any CPU
	EndGlobalSection
	GlobalSection(SolutionProperties) = preSolution
		HideSolutionNode = FALSE
	EndGlobalSection
	GlobalSection(ExtensibilityGlobals) = postSolution
		SolutionGuid = {7C6C5D5B-8031-4E60-ADB4-5B3541A0A6AE}
	EndGlobalSection
EndGlobal
